
Microsoft Visual Studio Solution File, Format Version 12.00
# Visual Studio Version 16
VisualStudioVersion = 16.0.30413.136
MinimumVisualStudioVersion = 10.0.40219.1
Project("{FAE04EC0-301F-11D3-BF4B-00C04F79EFBC}") = "ToDoOrNotToDo.Android", "ToDoOrNotToDo\ToDoOrNotToDo.Android\ToDoOrNotToDo.Android.csproj", "{A15B99F2-C4E0-4303-BC00-1A326C045DA6}"
EndProject
Project("{FAE04EC0-301F-11D3-BF4B-00C04F79EFBC}") = "ToDoOrNotToDo.iOS", "ToDoOrNotToDo\ToDoOrNotToDo.iOS\ToDoOrNotToDo.iOS.csproj", "{5DEBA541-7315-4C14-8FDC-6ADE7FFA249F}"
EndProject
Project("{FAE04EC0-301F-11D3-BF4B-00C04F79EFBC}") = "ToDoOrNotToDo", "ToDoOrNotToDo\ToDoOrNotToDo\ToDoOrNotToDo.csproj", "{4308F8A5-BC56-4D31-930E-B37A0811410B}"
EndProject
Global
	GlobalSection(SolutionConfigurationPlatforms) = preSolution
		Debug|Any CPU = Debug|Any CPU
		Debug|iPhone = Debug|iPhone
		Debug|iPhoneSimulator = Debug|iPhoneSimulator
		Release|Any CPU = Release|Any CPU
		Release|iPhone = Release|iPhone
		Release|iPhoneSimulator = Release|iPhoneSimulator
	EndGlobalSection
	GlobalSection(ProjectConfigurationPlatforms) = postSolution
		{A15B99F2-C4E0-4303-BC00-1A326C045DA6}.Debug|Any CPU.ActiveCfg = Debug|Any CPU
		{A15B99F2-C4E0-4303-BC00-1A326C045DA6}.Debug|Any CPU.Build.0 = Debug|Any CPU
		{A15B99F2-C4E0-4303-BC00-1A326C045DA6}.Debug|Any CPU.Deploy.0 = Debug|Any CPU
		{A15B99F2-C4E0-4303-BC00-1A326C045DA6}.Debug|iPhone.ActiveCfg = Debug|Any CPU
		{A15B99F2-C4E0-4303-BC00-1A326C045DA6}.Debug|iPhone.Build.0 = Debug|Any CPU
		{A15B99F2-C4E0-4303-BC00-1A326C045DA6}.Debug|iPhone.Deploy.0 = Debug|Any CPU
		{A15B99F2-C4E0-4303-BC00-1A326C045DA6}.Debug|iPhoneSimulator.ActiveCfg = Debug|Any CPU
		{A15B99F2-C4E0-4303-BC00-1A326C045DA6}.Debug|iPhoneSimulator.Build.0 = Debug|Any CPU
		{A15B99F2-C4E0-4303-BC00-1A326C045DA6}.Debug|iPhoneSimulator.Deploy.0 = Debug|Any CPU
		{A15B99F2-C4E0-4303-BC00-1A326C045DA6}.Release|Any CPU.ActiveCfg = Release|Any CPU
		{A15B99F2-C4E0-4303-BC00-1A326C045DA6}.Release|Any CPU.Build.0 = Release|Any CPU
		{A15B99F2-C4E0-4303-BC00-1A326C045DA6}.Release|Any CPU.Deploy.0 = Release|Any CPU
		{A15B99F2-C4E0-4303-BC00-1A326C045DA6}.Release|iPhone.ActiveCfg = Release|Any CPU
		{A15B99F2-C4E0-4303-BC00-1A326C045DA6}.Release|iPhone.Build.0 = Release|Any CPU
		{A15B99F2-C4E0-4303-BC00-1A326C045DA6}.Release|iPhone.Deploy.0 = Release|Any CPU
		{A15B99F2-C4E0-4303-BC00-1A326C045DA6}.Release|iPhoneSimulator.ActiveCfg = Release|Any CPU
		{A15B99F2-C4E0-4303-BC00-1A326C045DA6}.Release|iPhoneSimulator.Build.0 = Release|Any CPU
		{A15B99F2-C4E0-4303-BC00-1A326C045DA6}.Release|iPhoneSimulator.Deploy.0 = Release|Any CPU
		{5DEBA541-7315-4C14-8FDC-6ADE7FFA249F}.Debug|Any CPU.ActiveCfg = Debug|iPhone
		{5DEBA541-7315-4C14-8FDC-6ADE7FFA249F}.Debug|Any CPU.Build.0 = Debug|iPhone
		{5DEBA541-7315-4C14-8FDC-6ADE7FFA249F}.Debug|Any CPU.Deploy.0 = Debug|iPhone
		{5DEBA541-7315-4C14-8FDC-6ADE7FFA249F}.Debug|iPhone.ActiveCfg = Debug|iPhone
		{5DEBA541-7315-4C14-8FDC-6ADE7FFA249F}.Debug|iPhone.Build.0 = Debug|iPhone
		{5DEBA541-7315-4C14-8FDC-6ADE7FFA249F}.Debug|iPhone.Deploy.0 = Debug|iPhone
		{5DEBA541-7315-4C14-8FDC-6ADE7FFA249F}.Debug|iPhoneSimulator.ActiveCfg = Debug|iPhoneSimulator
		{5DEBA541-7315-4C14-8FDC-6ADE7FFA249F}.Debug|iPhoneSimulator.Build.0 = Debug|iPhoneSimulator
		{5DEBA541-7315-4C14-8FDC-6ADE7FFA249F}.Debug|iPhoneSimulator.Deploy.0 = Debug|iPhoneSimulator
		{5DEBA541-7315-4C14-8FDC-6ADE7FFA249F}.Release|Any CPU.ActiveCfg = Release|iPhone
		{5DEBA541-7315-4C14-8FDC-6ADE7FFA249F}.Release|Any CPU.Build.0 = Release|iPhone
		{5DEBA541-7315-4C14-8FDC-6ADE7FFA249F}.Release|Any CPU.Deploy.0 = Release|iPhone
		{5DEBA541-7315-4C14-8FDC-6ADE7FFA249F}.Release|iPhone.ActiveCfg = Release|iPhone
		{5DEBA541-7315-4C14-8FDC-6ADE7FFA249F}.Release|iPhone.Build.0 = Release|iPhone
		{5DEBA541-7315-4C14-8FDC-6ADE7FFA249F}.Release|iPhone.Deploy.0 = Release|iPhone
		{5DEBA541-7315-4C14-8FDC-6ADE7FFA249F}.Release|iPhoneSimulator.ActiveCfg = Release|iPhoneSimulator
		{5DEBA541-7315-4C14-8FDC-6ADE7FFA249F}.Release|iPhoneSimulator.Build.0 = Release|iPhoneSimulator
		{5DEBA541-7315-4C14-8FDC-6ADE7FFA249F}.Release|iPhoneSimulator.Deploy.0 = Release|iPhoneSimulator
		{4308F8A5-BC56-4D31-930E-B37A0811410B}.Debug|Any CPU.ActiveCfg = Debug|Any CPU
		{4308F8A5-BC56-4D31-930E-B37A0811410B}.Debug|Any CPU.Build.0 = Debug|Any CPU
		{4308F8A5-BC56-4D31-930E-B37A0811410B}.Debug|Any CPU.Deploy.0 = Debug|Any CPU
		{4308F8A5-BC56-4D31-930E-B37A0811410B}.Debug|iPhone.ActiveCfg = Debug|Any CPU
		{4308F8A5-BC56-4D31-930E-B37A0811410B}.Debug|iPhone.Build.0 = Debug|Any CPU
		{4308F8A5-BC56-4D31-930E-B37A0811410B}.Debug|iPhone.Deploy.0 = Debug|Any CPU
		{4308F8A5-BC56-4D31-930E-B37A0811410B}.Debug|iPhoneSimulator.ActiveCfg = Debug|Any CPU
		{4308F8A5-BC56-4D31-930E-B37A0811410B}.Debug|iPhoneSimulator.Build.0 = Debug|Any CPU
		{4308F8A5-BC56-4D31-930E-B37A0811410B}.Debug|iPhoneSimulator.Deploy.0 = Debug|Any CPU
		{4308F8A5-BC56-4D31-930E-B37A0811410B}.Release|Any CPU.ActiveCfg = Release|Any CPU
		{4308F8A5-BC56-4D31-930E-B37A0811410B}.Release|Any CPU.Build.0 = Release|Any CPU
		{4308F8A5-BC56-4D31-930E-B37A0811410B}.Release|Any CPU.Deploy.0 = Release|Any CPU
		{4308F8A5-BC56-4D31-930E-B37A0811410B}.Release|iPhone.ActiveCfg = Release|Any CPU
		{4308F8A5-BC56-4D31-930E-B37A0811410B}.Release|iPhone.Build.0 = Release|Any CPU
		{4308F8A5-BC56-4D31-930E-B37A0811410B}.Release|iPhone.Deploy.0 = Release|Any CPU
		{4308F8A5-BC56-4D31-930E-B37A0811410B}.Release|iPhoneSimulator.ActiveCfg = Release|Any CPU
		{4308F8A5-BC56-4D31-930E-B37A0811410B}.Release|iPhoneSimulator.Build.0 = Release|Any CPU
		{4308F8A5-BC56-4D31-930E-B37A0811410B}.Release|iPhoneSimulator.Deploy.0 = Release|Any CPU
	EndGlobalSection
	GlobalSection(SolutionProperties) = preSolution
		HideSolutionNode = FALSE
	EndGlobalSection
	GlobalSection(ExtensibilityGlobals) = postSolution
		SolutionGuid = {8BF61317-5EC0-4CA7-B187-E94B3853DC83}
	EndGlobalSection
EndGlobal
